
Microsoft Visual Studio Solution File, Format Version 12.00
# Visual Studio Version 17
VisualStudioVersion = 17.3.32825.248
MinimumVisualStudioVersion = 10.0.40219.1
Project("{9A19103F-16F7-4668-BE54-9A1E7A4F7556}") = "wfCapacitor", "wfCapacitator\wfCapacitor.csproj", "{4CA8A7C3-5676-47C2-9688-F6FA273FAD50}"
EndProject
Project("{9A19103F-16F7-4668-BE54-9A1E7A4F7556}") = "libCapacitorCalc", "libCapacitatorCalc\libCapacitorCalc.csproj", "{A81C12B4-2746-4C98-B93F-FDB7E9582EAE}"
EndProject
Global
	GlobalSection(SolutionConfigurationPlatforms) = preSolution
		Debug|Any CPU = Debug|Any CPU
		Release|Any CPU = Release|Any CPU
	EndGlobalSection
	GlobalSection(ProjectConfigurationPlatforms) = postSolution
		{4CA8A7C3-5676-47C2-9688-F6FA273FAD50}.Debug|Any CPU.ActiveCfg = Debug|Any CPU
		{4CA8A7C3-5676-47C2-9688-F6FA273FAD50}.Debug|Any CPU.Build.0 = Debug|Any CPU
		{4CA8A7C3-5676-47C2-9688-F6FA273FAD50}.Release|Any CPU.ActiveCfg = Release|Any CPU
		{4CA8A7C3-5676-47C2-9688-F6FA273FAD50}.Release|Any CPU.Build.0 = Release|Any CPU
		{A81C12B4-2746-4C98-B93F-FDB7E9582EAE}.Debug|Any CPU.ActiveCfg = Debug|Any CPU
		{A81C12B4-2746-4C98-B93F-FDB7E9582EAE}.Debug|Any CPU.Build.0 = Debug|Any CPU
		{A81C12B4-2746-4C98-B93F-FDB7E9582EAE}.Release|Any CPU.ActiveCfg = Release|Any CPU
		{A81C12B4-2746-4C98-B93F-FDB7E9582EAE}.Release|Any CPU.Build.0 = Release|Any CPU
	EndGlobalSection
	GlobalSection(SolutionProperties) = preSolution
		HideSolutionNode = FALSE
	EndGlobalSection
	GlobalSection(ExtensibilityGlobals) = postSolution
		SolutionGuid = {5F857DCC-491C-4874-8FE1-C2EDA5C0DBCD}
	EndGlobalSection
EndGlobal
